
Microsoft Visual Studio Solution File, Format Version 12.00
# Visual Studio 15
Project("{FAE04EC0-301F-11D3-BF4B-00C04F79EFBC}") = "V_Animation", "V_Animation.csproj", "{6895F606-CF52-3EC0-35C1-1056499D092A}"
EndProject
Project("{FAE04EC0-301F-11D3-BF4B-00C04F79EFBC}") = "Assembly-CSharp-firstpass", "Assembly-CSharp-firstpass.csproj", "{B4FE85A9-D7E9-A54E-A9CA-F45D540736D7}"
EndProject
Project("{FAE04EC0-301F-11D3-BF4B-00C04F79EFBC}") = "Assembly-CSharp", "Assembly-CSharp.csproj", "{048A82F8-838B-DC58-3327-34A2B6A7FB3E}"
EndProject
Project("{FAE04EC0-301F-11D3-BF4B-00C04F79EFBC}") = "Sirenix.OdinInspector.CompatibilityLayer", "Sirenix.OdinInspector.CompatibilityLayer.csproj", "{0AD9091A-F6EB-1846-406C-21901601B24A}"
EndProject
Project("{FAE04EC0-301F-11D3-BF4B-00C04F79EFBC}") = "AssetUsageFinder", "AssetUsageFinder.csproj", "{FD6EE008-360B-9C10-7373-2C579495E048}"
EndProject
Project("{FAE04EC0-301F-11D3-BF4B-00C04F79EFBC}") = "Sirenix.OdinInspector.CompatibilityLayer.Editor", "Sirenix.OdinInspector.CompatibilityLayer.Editor.csproj", "{C1097450-CF52-78E8-2897-239A7548B6C6}"
EndProject
Project("{FAE04EC0-301F-11D3-BF4B-00C04F79EFBC}") = "Assembly-CSharp-Editor-firstpass", "Assembly-CSharp-Editor-firstpass.csproj", "{526C476B-01C1-0FEF-EBE1-9664C38FE963}"
EndProject
Project("{FAE04EC0-301F-11D3-BF4B-00C04F79EFBC}") = "Sirenix.OdinInspector.Modules.UnityMathematics", "Sirenix.OdinInspector.Modules.UnityMathematics.csproj", "{217C5559-99B4-87A6-A332-221852747B8F}"
EndProject
Global
	GlobalSection(SolutionConfigurationPlatforms) = preSolution
		Debug|Any CPU = Debug|Any CPU
		Release|Any CPU = Release|Any CPU
	EndGlobalSection
	GlobalSection(ProjectConfigurationPlatforms) = postSolution
		{6895F606-CF52-3EC0-35C1-1056499D092A}.Debug|Any CPU.ActiveCfg = Debug|Any CPU
		{6895F606-CF52-3EC0-35C1-1056499D092A}.Debug|Any CPU.Build.0 = Debug|Any CPU
		{6895F606-CF52-3EC0-35C1-1056499D092A}.Release|Any CPU.ActiveCfg = Release|Any CPU
		{6895F606-CF52-3EC0-35C1-1056499D092A}.Release|Any CPU.Build.0 = Release|Any CPU
		{B4FE85A9-D7E9-A54E-A9CA-F45D540736D7}.Debug|Any CPU.ActiveCfg = Debug|Any CPU
		{B4FE85A9-D7E9-A54E-A9CA-F45D540736D7}.Debug|Any CPU.Build.0 = Debug|Any CPU
		{B4FE85A9-D7E9-A54E-A9CA-F45D540736D7}.Release|Any CPU.ActiveCfg = Release|Any CPU
		{B4FE85A9-D7E9-A54E-A9CA-F45D540736D7}.Release|Any CPU.Build.0 = Release|Any CPU
		{048A82F8-838B-DC58-3327-34A2B6A7FB3E}.Debug|Any CPU.ActiveCfg = Debug|Any CPU
		{048A82F8-838B-DC58-3327-34A2B6A7FB3E}.Debug|Any CPU.Build.0 = Debug|Any CPU
		{048A82F8-838B-DC58-3327-34A2B6A7FB3E}.Release|Any CPU.ActiveCfg = Release|Any CPU
		{048A82F8-838B-DC58-3327-34A2B6A7FB3E}.Release|Any CPU.Build.0 = Release|Any CPU
		{0AD9091A-F6EB-1846-406C-21901601B24A}.Debug|Any CPU.ActiveCfg = Debug|Any CPU
		{0AD9091A-F6EB-1846-406C-21901601B24A}.Debug|Any CPU.Build.0 = Debug|Any CPU
		{0AD9091A-F6EB-1846-406C-21901601B24A}.Release|Any CPU.ActiveCfg = Release|Any CPU
		{0AD9091A-F6EB-1846-406C-21901601B24A}.Release|Any CPU.Build.0 = Release|Any CPU
		{FD6EE008-360B-9C10-7373-2C579495E048}.Debug|Any CPU.ActiveCfg = Debug|Any CPU
		{FD6EE008-360B-9C10-7373-2C579495E048}.Debug|Any CPU.Build.0 = Debug|Any CPU
		{FD6EE008-360B-9C10-7373-2C579495E048}.Release|Any CPU.ActiveCfg = Release|Any CPU
		{FD6EE008-360B-9C10-7373-2C579495E048}.Release|Any CPU.Build.0 = Release|Any CPU
		{C1097450-CF52-78E8-2897-239A7548B6C6}.Debug|Any CPU.ActiveCfg = Debug|Any CPU
		{C1097450-CF52-78E8-2897-239A7548B6C6}.Debug|Any CPU.Build.0 = Debug|Any CPU
		{C1097450-CF52-78E8-2897-239A7548B6C6}.Release|Any CPU.ActiveCfg = Release|Any CPU
		{C1097450-CF52-78E8-2897-239A7548B6C6}.Release|Any CPU.Build.0 = Release|Any CPU
		{526C476B-01C1-0FEF-EBE1-9664C38FE963}.Debug|Any CPU.ActiveCfg = Debug|Any CPU
		{526C476B-01C1-0FEF-EBE1-9664C38FE963}.Debug|Any CPU.Build.0 = Debug|Any CPU
		{526C476B-01C1-0FEF-EBE1-9664C38FE963}.Release|Any CPU.ActiveCfg = Release|Any CPU
		{526C476B-01C1-0FEF-EBE1-9664C38FE963}.Release|Any CPU.Build.0 = Release|Any CPU
		{217C5559-99B4-87A6-A332-221852747B8F}.Debug|Any CPU.ActiveCfg = Debug|Any CPU
		{217C5559-99B4-87A6-A332-221852747B8F}.Debug|Any CPU.Build.0 = Debug|Any CPU
		{217C5559-99B4-87A6-A332-221852747B8F}.Release|Any CPU.ActiveCfg = Release|Any CPU
		{217C5559-99B4-87A6-A332-221852747B8F}.Release|Any CPU.Build.0 = Release|Any CPU
	EndGlobalSection
	GlobalSection(SolutionProperties) = preSolution
		HideSolutionNode = FALSE
	EndGlobalSection
EndGlobal
